// !$*UTF8*$!
{
	archiveVersion = 1;
	classes = {
	};
	objectVersion = 55;
	objects = {

/* Begin PBXBuildFile section */
		3790D6F3286CDA1300EE26E0 /* WeatherApp.swift in Sources */ = {isa = PBXBuildFile; fileRef = 3790D6F2286CDA1300EE26E0 /* WeatherApp.swift */; };
		3790D6F5286CDA1300EE26E0 /* MainView.swift in Sources */ = {isa = PBXBuildFile; fileRef = 3790D6F4286CDA1300EE26E0 /* MainView.swift */; };
		3790D6F7286CDA1500EE26E0 /* Assets.xcassets in Resources */ = {isa = PBXBuildFile; fileRef = 3790D6F6286CDA1500EE26E0 /* Assets.xcassets */; };
		3790D6FA286CDA1500EE26E0 /* Preview Assets.xcassets in Resources */ = {isa = PBXBuildFile; fileRef = 3790D6F9286CDA1500EE26E0 /* Preview Assets.xcassets */; };
		3790D701286CDC7000EE26E0 /* Api.swift in Sources */ = {isa = PBXBuildFile; fileRef = 3790D700286CDC7000EE26E0 /* Api.swift */; };
		3790D704286CE31100EE26E0 /* StatusModel.swift in Sources */ = {isa = PBXBuildFile; fileRef = 3790D703286CE31100EE26E0 /* StatusModel.swift */; };
		3790D706286CFCEA00EE26E0 /* AppState.swift in Sources */ = {isa = PBXBuildFile; fileRef = 3790D705286CFCEA00EE26E0 /* AppState.swift */; };
		3790D708286D484D00EE26E0 /* LocationManager.swift in Sources */ = {isa = PBXBuildFile; fileRef = 3790D707286D484D00EE26E0 /* LocationManager.swift */; };
		3790D70C286D496000EE26E0 /* MapKit.framework in Frameworks */ = {isa = PBXBuildFile; fileRef = 3790D70B286D496000EE26E0 /* MapKit.framework */; };
		3790D71128713E3B00EE26E0 /* CurrentWeatherView.swift in Sources */ = {isa = PBXBuildFile; fileRef = 3790D71028713E3B00EE26E0 /* CurrentWeatherView.swift */; };
		3790D7142871416400EE26E0 /* BaseView.swift in Sources */ = {isa = PBXBuildFile; fileRef = 3790D7132871416400EE26E0 /* BaseView.swift */; };
		3790D7172871516D00EE26E0 /* DisplayTemp.swift in Sources */ = {isa = PBXBuildFile; fileRef = 3790D7162871516D00EE26E0 /* DisplayTemp.swift */; };
		3790D7192872041E00EE26E0 /* Config.swift in Sources */ = {isa = PBXBuildFile; fileRef = 3790D7182872041E00EE26E0 /* Config.swift */; };
		3790D71B287206DB00EE26E0 /* GridPointsModel.swift in Sources */ = {isa = PBXBuildFile; fileRef = 3790D71A287206DB00EE26E0 /* GridPointsModel.swift */; };
		3790D71D28738D4300EE26E0 /* WeatherModel.swift in Sources */ = {isa = PBXBuildFile; fileRef = 3790D71C28738D4300EE26E0 /* WeatherModel.swift */; };
		3790D71F28738E0B00EE26E0 /* Helpers.swift in Sources */ = {isa = PBXBuildFile; fileRef = 3790D71E28738E0B00EE26E0 /* Helpers.swift */; };
		3790D7212873C50700EE26E0 /* StationModel.swift in Sources */ = {isa = PBXBuildFile; fileRef = 3790D7202873C50700EE26E0 /* StationModel.swift */; };
/* End PBXBuildFile section */

/* Begin PBXFileReference section */
		3790D6EF286CDA1300EE26E0 /* Weather.app */ = {isa = PBXFileReference; explicitFileType = wrapper.application; includeInIndex = 0; path = Weather.app; sourceTree = BUILT_PRODUCTS_DIR; };
		3790D6F2286CDA1300EE26E0 /* WeatherApp.swift */ = {isa = PBXFileReference; lastKnownFileType = sourcecode.swift; path = WeatherApp.swift; sourceTree = "<group>"; };
		3790D6F4286CDA1300EE26E0 /* MainView.swift */ = {isa = PBXFileReference; lastKnownFileType = sourcecode.swift; path = MainView.swift; sourceTree = "<group>"; };
		3790D6F6286CDA1500EE26E0 /* Assets.xcassets */ = {isa = PBXFileReference; lastKnownFileType = folder.assetcatalog; path = Assets.xcassets; sourceTree = "<group>"; };
		3790D6F9286CDA1500EE26E0 /* Preview Assets.xcassets */ = {isa = PBXFileReference; lastKnownFileType = folder.assetcatalog; path = "Preview Assets.xcassets"; sourceTree = "<group>"; };
		3790D700286CDC7000EE26E0 /* Api.swift */ = {isa = PBXFileReference; lastKnownFileType = sourcecode.swift; path = Api.swift; sourceTree = "<group>"; };
		3790D703286CE31100EE26E0 /* StatusModel.swift */ = {isa = PBXFileReference; lastKnownFileType = sourcecode.swift; path = StatusModel.swift; sourceTree = "<group>"; };
		3790D705286CFCEA00EE26E0 /* AppState.swift */ = {isa = PBXFileReference; lastKnownFileType = sourcecode.swift; path = AppState.swift; sourceTree = "<group>"; };
		3790D707286D484D00EE26E0 /* LocationManager.swift */ = {isa = PBXFileReference; lastKnownFileType = sourcecode.swift; path = LocationManager.swift; sourceTree = "<group>"; };
		3790D709286D492600EE26E0 /* Info.plist */ = {isa = PBXFileReference; lastKnownFileType = text.plist; path = Info.plist; sourceTree = "<group>"; };
		3790D70B286D496000EE26E0 /* MapKit.framework */ = {isa = PBXFileReference; lastKnownFileType = wrapper.framework; name = MapKit.framework; path = System/Library/Frameworks/MapKit.framework; sourceTree = SDKROOT; };
		3790D71028713E3B00EE26E0 /* CurrentWeatherView.swift */ = {isa = PBXFileReference; lastKnownFileType = sourcecode.swift; path = CurrentWeatherView.swift; sourceTree = "<group>"; };
		3790D7132871416400EE26E0 /* BaseView.swift */ = {isa = PBXFileReference; lastKnownFileType = sourcecode.swift; path = BaseView.swift; sourceTree = "<group>"; };
		3790D7162871516D00EE26E0 /* DisplayTemp.swift */ = {isa = PBXFileReference; fileEncoding = 4; lastKnownFileType = sourcecode.swift; path = DisplayTemp.swift; sourceTree = "<group>"; };
		3790D7182872041E00EE26E0 /* Config.swift */ = {isa = PBXFileReference; lastKnownFileType = sourcecode.swift; path = Config.swift; sourceTree = "<group>"; };
		3790D71A287206DB00EE26E0 /* GridPointsModel.swift */ = {isa = PBXFileReference; fileEncoding = 4; lastKnownFileType = sourcecode.swift; path = GridPointsModel.swift; sourceTree = "<group>"; };
		3790D71C28738D4300EE26E0 /* WeatherModel.swift */ = {isa = PBXFileReference; fileEncoding = 4; lastKnownFileType = sourcecode.swift; path = WeatherModel.swift; sourceTree = "<group>"; };
		3790D71E28738E0B00EE26E0 /* Helpers.swift */ = {isa = PBXFileReference; lastKnownFileType = sourcecode.swift; path = Helpers.swift; sourceTree = "<group>"; };
		3790D7202873C50700EE26E0 /* StationModel.swift */ = {isa = PBXFileReference; lastKnownFileType = sourcecode.swift; path = StationModel.swift; sourceTree = "<group>"; };
/* End PBXFileReference section */

/* Begin PBXFrameworksBuildPhase section */
		3790D6EC286CDA1300EE26E0 /* Frameworks */ = {
			isa = PBXFrameworksBuildPhase;
			buildActionMask = 2147483647;
			files = (
				3790D70C286D496000EE26E0 /* MapKit.framework in Frameworks */,
			);
			runOnlyForDeploymentPostprocessing = 0;
		};
/* End PBXFrameworksBuildPhase section */

/* Begin PBXGroup section */
		3790D6E6286CDA1300EE26E0 = {
			isa = PBXGroup;
			children = (
				3790D6F1286CDA1300EE26E0 /* Weather */,
				3790D6F0286CDA1300EE26E0 /* Products */,
				3790D70A286D496000EE26E0 /* Frameworks */,
			);
			sourceTree = "<group>";
		};
		3790D6F0286CDA1300EE26E0 /* Products */ = {
			isa = PBXGroup;
			children = (
				3790D6EF286CDA1300EE26E0 /* Weather.app */,
			);
			name = Products;
			sourceTree = "<group>";
		};
		3790D6F1286CDA1300EE26E0 /* Weather */ = {
			isa = PBXGroup;
			children = (
				3790D7152871515500EE26E0 /* Components */,
				3790D70D2871351500EE26E0 /* Views */,
				3790D709286D492600EE26E0 /* Info.plist */,
				3790D705286CFCEA00EE26E0 /* AppState.swift */,
				3790D702286CE2FE00EE26E0 /* Models */,
				3790D6F2286CDA1300EE26E0 /* WeatherApp.swift */,
				3790D6F6286CDA1500EE26E0 /* Assets.xcassets */,
				3790D6F8286CDA1500EE26E0 /* Preview Content */,
				3790D700286CDC7000EE26E0 /* Api.swift */,
				3790D707286D484D00EE26E0 /* LocationManager.swift */,
				3790D7182872041E00EE26E0 /* Config.swift */,
				3790D71E28738E0B00EE26E0 /* Helpers.swift */,
			);
			path = Weather;
			sourceTree = "<group>";
		};
		3790D6F8286CDA1500EE26E0 /* Preview Content */ = {
			isa = PBXGroup;
			children = (
				3790D6F9286CDA1500EE26E0 /* Preview Assets.xcassets */,
			);
			path = "Preview Content";
			sourceTree = "<group>";
		};
		3790D702286CE2FE00EE26E0 /* Models */ = {
			isa = PBXGroup;
			children = (
				3790D71C28738D4300EE26E0 /* WeatherModel.swift */,
				3790D71A287206DB00EE26E0 /* GridPointsModel.swift */,
				3790D703286CE31100EE26E0 /* StatusModel.swift */,
				3790D7202873C50700EE26E0 /* StationModel.swift */,
			);
			path = Models;
			sourceTree = "<group>";
		};
		3790D70A286D496000EE26E0 /* Frameworks */ = {
			isa = PBXGroup;
			children = (
				3790D70B286D496000EE26E0 /* MapKit.framework */,
			);
			name = Frameworks;
			sourceTree = "<group>";
		};
		3790D70D2871351500EE26E0 /* Views */ = {
			isa = PBXGroup;
			children = (
				3790D6F4286CDA1300EE26E0 /* MainView.swift */,
				3790D71028713E3B00EE26E0 /* CurrentWeatherView.swift */,
				3790D7132871416400EE26E0 /* BaseView.swift */,
			);
			path = Views;
			sourceTree = "<group>";
		};
		3790D7152871515500EE26E0 /* Components */ = {
			isa = PBXGroup;
			children = (
				3790D7162871516D00EE26E0 /* DisplayTemp.swift */,
			);
			path = Components;
			sourceTree = "<group>";
		};
/* End PBXGroup section */

/* Begin PBXNativeTarget section */
		3790D6EE286CDA1300EE26E0 /* Weather */ = {
			isa = PBXNativeTarget;
			buildConfigurationList = 3790D6FD286CDA1500EE26E0 /* Build configuration list for PBXNativeTarget "Weather" */;
			buildPhases = (
				3790D6EB286CDA1300EE26E0 /* Sources */,
				3790D6EC286CDA1300EE26E0 /* Frameworks */,
				3790D6ED286CDA1300EE26E0 /* Resources */,
			);
			buildRules = (
			);
			dependencies = (
			);
			name = Weather;
			productName = Weather;
			productReference = 3790D6EF286CDA1300EE26E0 /* Weather.app */;
			productType = "com.apple.product-type.application";
		};
/* End PBXNativeTarget section */

/* Begin PBXProject section */
		3790D6E7286CDA1300EE26E0 /* Project object */ = {
			isa = PBXProject;
			attributes = {
				BuildIndependentTargetsInParallel = 1;
				LastSwiftUpdateCheck = 1340;
				LastUpgradeCheck = 1340;
				TargetAttributes = {
					3790D6EE286CDA1300EE26E0 = {
						CreatedOnToolsVersion = 13.4.1;
					};
				};
			};
			buildConfigurationList = 3790D6EA286CDA1300EE26E0 /* Build configuration list for PBXProject "Weather" */;
			compatibilityVersion = "Xcode 13.0";
			developmentRegion = en;
			hasScannedForEncodings = 0;
			knownRegions = (
				en,
				Base,
			);
			mainGroup = 3790D6E6286CDA1300EE26E0;
			productRefGroup = 3790D6F0286CDA1300EE26E0 /* Products */;
			projectDirPath = "";
			projectRoot = "";
			targets = (
				3790D6EE286CDA1300EE26E0 /* Weather */,
			);
		};
/* End PBXProject section */

/* Begin PBXResourcesBuildPhase section */
		3790D6ED286CDA1300EE26E0 /* Resources */ = {
			isa = PBXResourcesBuildPhase;
			buildActionMask = 2147483647;
			files = (
				3790D6FA286CDA1500EE26E0 /* Preview Assets.xcassets in Resources */,
				3790D6F7286CDA1500EE26E0 /* Assets.xcassets in Resources */,
			);
			runOnlyForDeploymentPostprocessing = 0;
		};
/* End PBXResourcesBuildPhase section */

/* Begin PBXSourcesBuildPhase section */
		3790D6EB286CDA1300EE26E0 /* Sources */ = {
			isa = PBXSourcesBuildPhase;
			buildActionMask = 2147483647;
			files = (
				3790D701286CDC7000EE26E0 /* Api.swift in Sources */,
				3790D706286CFCEA00EE26E0 /* AppState.swift in Sources */,
				3790D71B287206DB00EE26E0 /* GridPointsModel.swift in Sources */,
				3790D7172871516D00EE26E0 /* DisplayTemp.swift in Sources */,
				3790D708286D484D00EE26E0 /* LocationManager.swift in Sources */,
				3790D6F5286CDA1300EE26E0 /* MainView.swift in Sources */,
				3790D71128713E3B00EE26E0 /* CurrentWeatherView.swift in Sources */,
				3790D704286CE31100EE26E0 /* StatusModel.swift in Sources */,
				3790D7212873C50700EE26E0 /* StationModel.swift in Sources */,
				3790D7192872041E00EE26E0 /* Config.swift in Sources */,
				3790D6F3286CDA1300EE26E0 /* WeatherApp.swift in Sources */,
				3790D71F28738E0B00EE26E0 /* Helpers.swift in Sources */,
				3790D71D28738D4300EE26E0 /* WeatherModel.swift in Sources */,
				3790D7142871416400EE26E0 /* BaseView.swift in Sources */,
			);
			runOnlyForDeploymentPostprocessing = 0;
		};
/* End PBXSourcesBuildPhase section */

/* Begin XCBuildConfiguration section */
		3790D6FB286CDA1500EE26E0 /* Debug */ = {
			isa = XCBuildConfiguration;
			buildSettings = {
				ALWAYS_SEARCH_USER_PATHS = NO;
				CLANG_ANALYZER_NONNULL = YES;
				CLANG_ANALYZER_NUMBER_OBJECT_CONVERSION = YES_AGGRESSIVE;
				CLANG_CXX_LANGUAGE_STANDARD = "gnu++17";
				CLANG_ENABLE_MODULES = YES;
				CLANG_ENABLE_OBJC_ARC = YES;
				CLANG_ENABLE_OBJC_WEAK = YES;
				CLANG_WARN_BLOCK_CAPTURE_AUTORELEASING = YES;
				CLANG_WARN_BOOL_CONVERSION = YES;
				CLANG_WARN_COMMA = YES;
				CLANG_WARN_CONSTANT_CONVERSION = YES;
				CLANG_WARN_DEPRECATED_OBJC_IMPLEMENTATIONS = YES;
				CLANG_WARN_DIRECT_OBJC_ISA_USAGE = YES_ERROR;
				CLANG_WARN_DOCUMENTATION_COMMENTS = YES;
				CLANG_WARN_EMPTY_BODY = YES;
				CLANG_WARN_ENUM_CONVERSION = YES;
				CLANG_WARN_INFINITE_RECURSION = YES;
				CLANG_WARN_INT_CONVERSION = YES;
				CLANG_WARN_NON_LITERAL_NULL_CONVERSION = YES;
				CLANG_WARN_OBJC_IMPLICIT_RETAIN_SELF = YES;
				CLANG_WARN_OBJC_LITERAL_CONVERSION = YES;
				CLANG_WARN_OBJC_ROOT_CLASS = YES_ERROR;
				CLANG_WARN_QUOTED_INCLUDE_IN_FRAMEWORK_HEADER = YES;
				CLANG_WARN_RANGE_LOOP_ANALYSIS = YES;
				CLANG_WARN_STRICT_PROTOTYPES = YES;
				CLANG_WARN_SUSPICIOUS_MOVE = YES;
				CLANG_WARN_UNGUARDED_AVAILABILITY = YES_AGGRESSIVE;
				CLANG_WARN_UNREACHABLE_CODE = YES;
				CLANG_WARN__DUPLICATE_METHOD_MATCH = YES;
				COPY_PHASE_STRIP = NO;
				DEBUG_INFORMATION_FORMAT = dwarf;
				ENABLE_STRICT_OBJC_MSGSEND = YES;
				ENABLE_TESTABILITY = YES;
				GCC_C_LANGUAGE_STANDARD = gnu11;
				GCC_DYNAMIC_NO_PIC = NO;
				GCC_NO_COMMON_BLOCKS = YES;
				GCC_OPTIMIZATION_LEVEL = 0;
				GCC_PREPROCESSOR_DEFINITIONS = (
					"DEBUG=1",
					"$(inherited)",
				);
				GCC_WARN_64_TO_32_BIT_CONVERSION = YES;
				GCC_WARN_ABOUT_RETURN_TYPE = YES_ERROR;
				GCC_WARN_UNDECLARED_SELECTOR = YES;
				GCC_WARN_UNINITIALIZED_AUTOS = YES_AGGRESSIVE;
				GCC_WARN_UNUSED_FUNCTION = YES;
				GCC_WARN_UNUSED_VARIABLE = YES;
				IPHONEOS_DEPLOYMENT_TARGET = 15.5;
				MTL_ENABLE_DEBUG_INFO = INCLUDE_SOURCE;
				MTL_FAST_MATH = YES;
				ONLY_ACTIVE_ARCH = YES;
				SDKROOT = iphoneos;
				SWIFT_ACTIVE_COMPILATION_CONDITIONS = DEBUG;
				SWIFT_OPTIMIZATION_LEVEL = "-Onone";
			};
			name = Debug;
		};
		3790D6FC286CDA1500EE26E0 /* Release */ = {
			isa = XCBuildConfiguration;
			buildSettings = {
				ALWAYS_SEARCH_USER_PATHS = NO;
				CLANG_ANALYZER_NONNULL = YES;
				CLANG_ANALYZER_NUMBER_OBJECT_CONVERSION = YES_AGGRESSIVE;
				CLANG_CXX_LANGUAGE_STANDARD = "gnu++17";
				CLANG_ENABLE_MODULES = YES;
				CLANG_ENABLE_OBJC_ARC = YES;
				CLANG_ENABLE_OBJC_WEAK = YES;
				CLANG_WARN_BLOCK_CAPTURE_AUTORELEASING = YES;
				CLANG_WARN_BOOL_CONVERSION = YES;
				CLANG_WARN_COMMA = YES;
				CLANG_WARN_CONSTANT_CONVERSION = YES;
				CLANG_WARN_DEPRECATED_OBJC_IMPLEMENTATIONS = YES;
				CLANG_WARN_DIRECT_OBJC_ISA_USAGE = YES_ERROR;
				CLANG_WARN_DOCUMENTATION_COMMENTS = YES;
				CLANG_WARN_EMPTY_BODY = YES;
				CLANG_WARN_ENUM_CONVERSION = YES;
				CLANG_WARN_INFINITE_RECURSION = YES;
				CLANG_WARN_INT_CONVERSION = YES;
				CLANG_WARN_NON_LITERAL_NULL_CONVERSION = YES;
				CLANG_WARN_OBJC_IMPLICIT_RETAIN_SELF = YES;
				CLANG_WARN_OBJC_LITERAL_CONVERSION = YES;
				CLANG_WARN_OBJC_ROOT_CLASS = YES_ERROR;
				CLANG_WARN_QUOTED_INCLUDE_IN_FRAMEWORK_HEADER = YES;
				CLANG_WARN_RANGE_LOOP_ANALYSIS = YES;
				CLANG_WARN_STRICT_PROTOTYPES = YES;
				CLANG_WARN_SUSPICIOUS_MOVE = YES;
				CLANG_WARN_UNGUARDED_AVAILABILITY = YES_AGGRESSIVE;
				CLANG_WARN_UNREACHABLE_CODE = YES;
				CLANG_WARN__DUPLICATE_METHOD_MATCH = YES;
				COPY_PHASE_STRIP = NO;
				DEBUG_INFORMATION_FORMAT = "dwarf-with-dsym";
				ENABLE_NS_ASSERTIONS = NO;
				ENABLE_STRICT_OBJC_MSGSEND = YES;
				GCC_C_LANGUAGE_STANDARD = gnu11;
				GCC_NO_COMMON_BLOCKS = YES;
				GCC_WARN_64_TO_32_BIT_CONVERSION = YES;
				GCC_WARN_ABOUT_RETURN_TYPE = YES_ERROR;
				GCC_WARN_UNDECLARED_SELECTOR = YES;
				GCC_WARN_UNINITIALIZED_AUTOS = YES_AGGRESSIVE;
				GCC_WARN_UNUSED_FUNCTION = YES;
				GCC_WARN_UNUSED_VARIABLE = YES;
				IPHONEOS_DEPLOYMENT_TARGET = 15.5;
				MTL_ENABLE_DEBUG_INFO = NO;
				MTL_FAST_MATH = YES;
				SDKROOT = iphoneos;
				SWIFT_COMPILATION_MODE = wholemodule;
				SWIFT_OPTIMIZATION_LEVEL = "-O";
				VALIDATE_PRODUCT = YES;
			};
			name = Release;
		};
		3790D6FE286CDA1500EE26E0 /* Debug */ = {
			isa = XCBuildConfiguration;
			buildSettings = {
				ASSETCATALOG_COMPILER_APPICON_NAME = AppIcon;
				ASSETCATALOG_COMPILER_GLOBAL_ACCENT_COLOR_NAME = AccentColor;
				CODE_SIGN_STYLE = Automatic;
				CURRENT_PROJECT_VERSION = 1;
				DEVELOPMENT_ASSET_PATHS = "\"Weather/Preview Content\"";
				DEVELOPMENT_TEAM = FWNYGKH25M;
				ENABLE_PREVIEWS = YES;
				GENERATE_INFOPLIST_FILE = YES;
				INFOPLIST_FILE = Weather/Info.plist;
				INFOPLIST_KEY_UIApplicationSceneManifest_Generation = YES;
				INFOPLIST_KEY_UIApplicationSupportsIndirectInputEvents = YES;
				INFOPLIST_KEY_UILaunchScreen_Generation = YES;
				INFOPLIST_KEY_UISupportedInterfaceOrientations_iPad = "UIInterfaceOrientationPortrait UIInterfaceOrientationPortraitUpsideDown UIInterfaceOrientationLandscapeLeft UIInterfaceOrientationLandscapeRight";
				INFOPLIST_KEY_UISupportedInterfaceOrientations_iPhone = "UIInterfaceOrientationPortrait UIInterfaceOrientationLandscapeLeft UIInterfaceOrientationLandscapeRight";
				LD_RUNPATH_SEARCH_PATHS = (
					"$(inherited)",
					"@executable_path/Frameworks",
				);
				MARKETING_VERSION = 1.0;
				PRODUCT_BUNDLE_IDENTIFIER = com.gregpatrick.Weather;
				PRODUCT_NAME = "$(TARGET_NAME)";
				SWIFT_EMIT_LOC_STRINGS = YES;
				SWIFT_VERSION = 5.0;
				TARGETED_DEVICE_FAMILY = "1,2";
			};
			name = Debug;
		};
		3790D6FF286CDA1500EE26E0 /* Release */ = {
			isa = XCBuildConfiguration;
			buildSettings = {
				ASSETCATALOG_COMPILER_APPICON_NAME = AppIcon;
				ASSETCATALOG_COMPILER_GLOBAL_ACCENT_COLOR_NAME = AccentColor;
				CODE_SIGN_STYLE = Automatic;
				CURRENT_PROJECT_VERSION = 1;
				DEVELOPMENT_ASSET_PATHS = "\"Weather/Preview Content\"";
				DEVELOPMENT_TEAM = FWNYGKH25M;
				ENABLE_PREVIEWS = YES;
				GENERATE_INFOPLIST_FILE = YES;
				INFOPLIST_FILE = Weather/Info.plist;
				INFOPLIST_KEY_UIApplicationSceneManifest_Generation = YES;
				INFOPLIST_KEY_UIApplicationSupportsIndirectInputEvents = YES;
				INFOPLIST_KEY_UILaunchScreen_Generation = YES;
				INFOPLIST_KEY_UISupportedInterfaceOrientations_iPad = "UIInterfaceOrientationPortrait UIInterfaceOrientationPortraitUpsideDown UIInterfaceOrientationLandscapeLeft UIInterfaceOrientationLandscapeRight";
				INFOPLIST_KEY_UISupportedInterfaceOrientations_iPhone = "UIInterfaceOrientationPortrait UIInterfaceOrientationLandscapeLeft UIInterfaceOrientationLandscapeRight";
				LD_RUNPATH_SEARCH_PATHS = (
					"$(inherited)",
					"@executable_path/Frameworks",
				);
				MARKETING_VERSION = 1.0;
				PRODUCT_BUNDLE_IDENTIFIER = com.gregpatrick.Weather;
				PRODUCT_NAME = "$(TARGET_NAME)";
				SWIFT_EMIT_LOC_STRINGS = YES;
				SWIFT_VERSION = 5.0;
				TARGETED_DEVICE_FAMILY = "1,2";
			};
			name = Release;
		};
/* End XCBuildConfiguration section */

/* Begin XCConfigurationList section */
		3790D6EA286CDA1300EE26E0 /* Build configuration list for PBXProject "Weather" */ = {
			isa = XCConfigurationList;
			buildConfigurations = (
				3790D6FB286CDA1500EE26E0 /* Debug */,
				3790D6FC286CDA1500EE26E0 /* Release */,
			);
			defaultConfigurationIsVisible = 0;
			defaultConfigurationName = Release;
		};
		3790D6FD286CDA1500EE26E0 /* Build configuration list for PBXNativeTarget "Weather" */ = {
			isa = XCConfigurationList;
			buildConfigurations = (
				3790D6FE286CDA1500EE26E0 /* Debug */,
				3790D6FF286CDA1500EE26E0 /* Release */,
			);
			defaultConfigurationIsVisible = 0;
			defaultConfigurationName = Release;
		};
/* End XCConfigurationList section */
	};
	rootObject = 3790D6E7286CDA1300EE26E0 /* Project object */;
}
