// !$*UTF8*$!
{
	archiveVersion = 1;
	classes = {
	};
	objectVersion = 70;
	objects = {

/* Begin PBXBuildFile section */
		370D7FAE2DA76B580079505A /* Localizable.strings in Resources */ = {isa = PBXBuildFile; fileRef = 370D7FAD2DA76B580079505A /* Localizable.strings */; };
		370D7FB02DA76D8C0079505A /* SearchField.swift in Sources */ = {isa = PBXBuildFile; fileRef = 370D7FAF2DA76D8C0079505A /* SearchField.swift */; };
		370D7FB22DA871260079505A /* ErrorState.swift in Sources */ = {isa = PBXBuildFile; fileRef = 370D7FB12DA8711F0079505A /* ErrorState.swift */; };
		3779CC462DDAB5F40056D895 /* WeatherValues.swift in Sources */ = {isa = PBXBuildFile; fileRef = 3779CC452DDAB5E90056D895 /* WeatherValues.swift */; };
		3779CC482DDAB62B0056D895 /* WeatherProperties.swift in Sources */ = {isa = PBXBuildFile; fileRef = 3779CC472DDAB6220056D895 /* WeatherProperties.swift */; };
		3779CC4A2DE51F380056D895 /* WeatherLocationResult.swift in Sources */ = {isa = PBXBuildFile; fileRef = 3779CC492DE51F240056D895 /* WeatherLocationResult.swift */; };
		3790D6F3286CDA1300EE26E0 /* WeatherApp.swift in Sources */ = {isa = PBXBuildFile; fileRef = 3790D6F2286CDA1300EE26E0 /* WeatherApp.swift */; };
		3790D6F5286CDA1300EE26E0 /* MainView.swift in Sources */ = {isa = PBXBuildFile; fileRef = 3790D6F4286CDA1300EE26E0 /* MainView.swift */; };
		3790D6F7286CDA1500EE26E0 /* Assets.xcassets in Resources */ = {isa = PBXBuildFile; fileRef = 3790D6F6286CDA1500EE26E0 /* Assets.xcassets */; };
		3790D6FA286CDA1500EE26E0 /* Preview Assets.xcassets in Resources */ = {isa = PBXBuildFile; fileRef = 3790D6F9286CDA1500EE26E0 /* Preview Assets.xcassets */; };
		3790D701286CDC7000EE26E0 /* WeatherAPI.swift in Sources */ = {isa = PBXBuildFile; fileRef = 3790D700286CDC7000EE26E0 /* WeatherAPI.swift */; };
		3790D704286CE31100EE26E0 /* StatusModel.swift in Sources */ = {isa = PBXBuildFile; fileRef = 3790D703286CE31100EE26E0 /* StatusModel.swift */; };
		3790D706286CFCEA00EE26E0 /* AppState.swift in Sources */ = {isa = PBXBuildFile; fileRef = 3790D705286CFCEA00EE26E0 /* AppState.swift */; };
		3790D708286D484D00EE26E0 /* LocationManager.swift in Sources */ = {isa = PBXBuildFile; fileRef = 3790D707286D484D00EE26E0 /* LocationManager.swift */; };
		3790D70C286D496000EE26E0 /* MapKit.framework in Frameworks */ = {isa = PBXBuildFile; fileRef = 3790D70B286D496000EE26E0 /* MapKit.framework */; };
		3790D71128713E3B00EE26E0 /* CurrentWeatherView.swift in Sources */ = {isa = PBXBuildFile; fileRef = 3790D71028713E3B00EE26E0 /* CurrentWeatherView.swift */; };
		3790D7142871416400EE26E0 /* BaseView.swift in Sources */ = {isa = PBXBuildFile; fileRef = 3790D7132871416400EE26E0 /* BaseView.swift */; };
		3790D7172871516D00EE26E0 /* DisplayTempView.swift in Sources */ = {isa = PBXBuildFile; fileRef = 3790D7162871516D00EE26E0 /* DisplayTempView.swift */; };
		3790D7192872041E00EE26E0 /* Config.swift in Sources */ = {isa = PBXBuildFile; fileRef = 3790D7182872041E00EE26E0 /* Config.swift */; };
		3790D71B287206DB00EE26E0 /* GridPointsModel.swift in Sources */ = {isa = PBXBuildFile; fileRef = 3790D71A287206DB00EE26E0 /* GridPointsModel.swift */; };
		3790D71D28738D4300EE26E0 /* WeatherModel.swift in Sources */ = {isa = PBXBuildFile; fileRef = 3790D71C28738D4300EE26E0 /* WeatherModel.swift */; };
		3790D71F28738E0B00EE26E0 /* Helpers.swift in Sources */ = {isa = PBXBuildFile; fileRef = 3790D71E28738E0B00EE26E0 /* Helpers.swift */; };
		3790D7212873C50700EE26E0 /* StationModel.swift in Sources */ = {isa = PBXBuildFile; fileRef = 3790D7202873C50700EE26E0 /* StationModel.swift */; };
		37B0F1B22DA9D26D00D4C6FC /* LocationButton.swift in Sources */ = {isa = PBXBuildFile; fileRef = 37B0F1B12DA9D26D00D4C6FC /* LocationButton.swift */; };
		37B0F1B52DAA002F00D4C6FC /* SwipeActions in Frameworks */ = {isa = PBXBuildFile; productRef = 37B0F1B42DAA002F00D4C6FC /* SwipeActions */; };
		37B0F1B72DAA088A00D4C6FC /* SwipeActions in Frameworks */ = {isa = PBXBuildFile; productRef = 37B0F1B62DAA088A00D4C6FC /* SwipeActions */; };
		37B0F1B92DAA089B00D4C6FC /* SwipeActions in Frameworks */ = {isa = PBXBuildFile; productRef = 37B0F1B82DAA089B00D4C6FC /* SwipeActions */; };
		37B0F1BC2DAA08AA00D4C6FC /* SwipeActions in Frameworks */ = {isa = PBXBuildFile; productRef = 37B0F1BB2DAA08AA00D4C6FC /* SwipeActions */; };
		37CE39942DA0875000B43909 /* ForecastModel.swift in Sources */ = {isa = PBXBuildFile; fileRef = 37CE39932DA0875000B43909 /* ForecastModel.swift */; };
		37CE39962DA087A800B43909 /* ForecastPeriodModel.swift in Sources */ = {isa = PBXBuildFile; fileRef = 37CE39952DA087A800B43909 /* ForecastPeriodModel.swift */; };
		37CE39982DA087CA00B43909 /* HourlyForecastView.swift in Sources */ = {isa = PBXBuildFile; fileRef = 37CE39972DA087CA00B43909 /* HourlyForecastView.swift */; };
		37CE399A2DA0B71300B43909 /* ExtendedForecastView.swift in Sources */ = {isa = PBXBuildFile; fileRef = 37CE39992DA0B71300B43909 /* ExtendedForecastView.swift */; };
		37CE399E2DA1EC4500B43909 /* LocationState.swift in Sources */ = {isa = PBXBuildFile; fileRef = 37CE399D2DA1EC4500B43909 /* LocationState.swift */; };
		37CE39A02DA308DA00B43909 /* IconView.swift in Sources */ = {isa = PBXBuildFile; fileRef = 37CE399F2DA308DA00B43909 /* IconView.swift */; };
		37CE39A22DA3230B00B43909 /* TitleView.swift in Sources */ = {isa = PBXBuildFile; fileRef = 37CE39A12DA3230B00B43909 /* TitleView.swift */; };
		37CE39BA2DA4BE1F00B43909 /* SavedLocationModel.swift in Sources */ = {isa = PBXBuildFile; fileRef = 37CE39B92DA4BE1100B43909 /* SavedLocationModel.swift */; };
		37CE39BC2DA4CEC500B43909 /* SearchCityView.swift in Sources */ = {isa = PBXBuildFile; fileRef = 37CE39BB2DA4CEC500B43909 /* SearchCityView.swift */; };
		37CE39BF2DA5B92C00B43909 /* View+Weather.swift in Sources */ = {isa = PBXBuildFile; fileRef = 37CE39BE2DA5B92600B43909 /* View+Weather.swift */; };
		37CE39C12DA6BF8600B43909 /* Style+Weather.swift in Sources */ = {isa = PBXBuildFile; fileRef = 37CE39C02DA6BF7F00B43909 /* Style+Weather.swift */; };
/* End PBXBuildFile section */

/* Begin PBXContainerItemProxy section */
		37CE39812DA0627300B43909 /* PBXContainerItemProxy */ = {
			isa = PBXContainerItemProxy;
			containerPortal = 3790D6E7286CDA1300EE26E0 /* Project object */;
			proxyType = 1;
			remoteGlobalIDString = 3790D6EE286CDA1300EE26E0;
			remoteInfo = Weather;
		};
		37CE398E2DA062A800B43909 /* PBXContainerItemProxy */ = {
			isa = PBXContainerItemProxy;
			containerPortal = 3790D6E7286CDA1300EE26E0 /* Project object */;
			proxyType = 1;
			remoteGlobalIDString = 3790D6EE286CDA1300EE26E0;
			remoteInfo = Weather;
		};
/* End PBXContainerItemProxy section */

/* Begin PBXFileReference section */
		370D7FAC2DA76B580079505A /* en */ = {isa = PBXFileReference; lastKnownFileType = text.plist.strings; name = en; path = en.lproj/Localizable.strings; sourceTree = "<group>"; };
		370D7FAF2DA76D8C0079505A /* SearchField.swift */ = {isa = PBXFileReference; lastKnownFileType = sourcecode.swift; path = SearchField.swift; sourceTree = "<group>"; };
		370D7FB12DA8711F0079505A /* ErrorState.swift */ = {isa = PBXFileReference; lastKnownFileType = sourcecode.swift; path = ErrorState.swift; sourceTree = "<group>"; };
		3779CC452DDAB5E90056D895 /* WeatherValues.swift */ = {isa = PBXFileReference; lastKnownFileType = sourcecode.swift; path = WeatherValues.swift; sourceTree = "<group>"; };
		3779CC472DDAB6220056D895 /* WeatherProperties.swift */ = {isa = PBXFileReference; lastKnownFileType = sourcecode.swift; path = WeatherProperties.swift; sourceTree = "<group>"; };
		3779CC492DE51F240056D895 /* WeatherLocationResult.swift */ = {isa = PBXFileReference; lastKnownFileType = sourcecode.swift; path = WeatherLocationResult.swift; sourceTree = "<group>"; };
		3790D6EF286CDA1300EE26E0 /* Weather.app */ = {isa = PBXFileReference; explicitFileType = wrapper.application; includeInIndex = 0; path = Weather.app; sourceTree = BUILT_PRODUCTS_DIR; };
		3790D6F2286CDA1300EE26E0 /* WeatherApp.swift */ = {isa = PBXFileReference; lastKnownFileType = sourcecode.swift; path = WeatherApp.swift; sourceTree = "<group>"; };
		3790D6F4286CDA1300EE26E0 /* MainView.swift */ = {isa = PBXFileReference; lastKnownFileType = sourcecode.swift; path = MainView.swift; sourceTree = "<group>"; };
		3790D6F6286CDA1500EE26E0 /* Assets.xcassets */ = {isa = PBXFileReference; lastKnownFileType = folder.assetcatalog; path = Assets.xcassets; sourceTree = "<group>"; };
		3790D6F9286CDA1500EE26E0 /* Preview Assets.xcassets */ = {isa = PBXFileReference; lastKnownFileType = folder.assetcatalog; path = "Preview Assets.xcassets"; sourceTree = "<group>"; };
		3790D700286CDC7000EE26E0 /* WeatherAPI.swift */ = {isa = PBXFileReference; lastKnownFileType = sourcecode.swift; path = WeatherAPI.swift; sourceTree = "<group>"; };
		3790D703286CE31100EE26E0 /* StatusModel.swift */ = {isa = PBXFileReference; lastKnownFileType = sourcecode.swift; path = StatusModel.swift; sourceTree = "<group>"; };
		3790D705286CFCEA00EE26E0 /* AppState.swift */ = {isa = PBXFileReference; lastKnownFileType = sourcecode.swift; path = AppState.swift; sourceTree = "<group>"; };
		3790D707286D484D00EE26E0 /* LocationManager.swift */ = {isa = PBXFileReference; lastKnownFileType = sourcecode.swift; path = LocationManager.swift; sourceTree = "<group>"; };
		3790D709286D492600EE26E0 /* Info.plist */ = {isa = PBXFileReference; lastKnownFileType = text.plist; path = Info.plist; sourceTree = "<group>"; };
		3790D70B286D496000EE26E0 /* MapKit.framework */ = {isa = PBXFileReference; lastKnownFileType = wrapper.framework; name = MapKit.framework; path = System/Library/Frameworks/MapKit.framework; sourceTree = SDKROOT; };
		3790D71028713E3B00EE26E0 /* CurrentWeatherView.swift */ = {isa = PBXFileReference; lastKnownFileType = sourcecode.swift; path = CurrentWeatherView.swift; sourceTree = "<group>"; };
		3790D7132871416400EE26E0 /* BaseView.swift */ = {isa = PBXFileReference; lastKnownFileType = sourcecode.swift; path = BaseView.swift; sourceTree = "<group>"; };
		3790D7162871516D00EE26E0 /* DisplayTempView.swift */ = {isa = PBXFileReference; fileEncoding = 4; lastKnownFileType = sourcecode.swift; path = DisplayTempView.swift; sourceTree = "<group>"; };
		3790D7182872041E00EE26E0 /* Config.swift */ = {isa = PBXFileReference; lastKnownFileType = sourcecode.swift; path = Config.swift; sourceTree = "<group>"; };
		3790D71A287206DB00EE26E0 /* GridPointsModel.swift */ = {isa = PBXFileReference; fileEncoding = 4; lastKnownFileType = sourcecode.swift; path = GridPointsModel.swift; sourceTree = "<group>"; };
		3790D71C28738D4300EE26E0 /* WeatherModel.swift */ = {isa = PBXFileReference; fileEncoding = 4; lastKnownFileType = sourcecode.swift; path = WeatherModel.swift; sourceTree = "<group>"; };
		3790D71E28738E0B00EE26E0 /* Helpers.swift */ = {isa = PBXFileReference; lastKnownFileType = sourcecode.swift; path = Helpers.swift; sourceTree = "<group>"; };
		3790D7202873C50700EE26E0 /* StationModel.swift */ = {isa = PBXFileReference; lastKnownFileType = sourcecode.swift; path = StationModel.swift; sourceTree = "<group>"; };
		37B0F1B12DA9D26D00D4C6FC /* LocationButton.swift */ = {isa = PBXFileReference; lastKnownFileType = sourcecode.swift; path = LocationButton.swift; sourceTree = "<group>"; };
		37CE397B2DA0627300B43909 /* WeatherUITests.xctest */ = {isa = PBXFileReference; explicitFileType = wrapper.cfbundle; includeInIndex = 0; path = WeatherUITests.xctest; sourceTree = BUILT_PRODUCTS_DIR; };
		37CE398A2DA062A800B43909 /* WeatherTests.xctest */ = {isa = PBXFileReference; explicitFileType = wrapper.cfbundle; includeInIndex = 0; path = WeatherTests.xctest; sourceTree = BUILT_PRODUCTS_DIR; };
		37CE39932DA0875000B43909 /* ForecastModel.swift */ = {isa = PBXFileReference; lastKnownFileType = sourcecode.swift; path = ForecastModel.swift; sourceTree = "<group>"; };
		37CE39952DA087A800B43909 /* ForecastPeriodModel.swift */ = {isa = PBXFileReference; lastKnownFileType = sourcecode.swift; path = ForecastPeriodModel.swift; sourceTree = "<group>"; };
		37CE39972DA087CA00B43909 /* HourlyForecastView.swift */ = {isa = PBXFileReference; lastKnownFileType = sourcecode.swift; path = HourlyForecastView.swift; sourceTree = "<group>"; };
		37CE39992DA0B71300B43909 /* ExtendedForecastView.swift */ = {isa = PBXFileReference; lastKnownFileType = sourcecode.swift; path = ExtendedForecastView.swift; sourceTree = "<group>"; };
		37CE399D2DA1EC4500B43909 /* LocationState.swift */ = {isa = PBXFileReference; lastKnownFileType = sourcecode.swift; path = LocationState.swift; sourceTree = "<group>"; };
		37CE399F2DA308DA00B43909 /* IconView.swift */ = {isa = PBXFileReference; lastKnownFileType = sourcecode.swift; path = IconView.swift; sourceTree = "<group>"; };
		37CE39A12DA3230B00B43909 /* TitleView.swift */ = {isa = PBXFileReference; lastKnownFileType = sourcecode.swift; path = TitleView.swift; sourceTree = "<group>"; };
		37CE39B92DA4BE1100B43909 /* SavedLocationModel.swift */ = {isa = PBXFileReference; lastKnownFileType = sourcecode.swift; path = SavedLocationModel.swift; sourceTree = "<group>"; };
		37CE39BB2DA4CEC500B43909 /* SearchCityView.swift */ = {isa = PBXFileReference; lastKnownFileType = sourcecode.swift; path = SearchCityView.swift; sourceTree = "<group>"; };
		37CE39BE2DA5B92600B43909 /* View+Weather.swift */ = {isa = PBXFileReference; lastKnownFileType = sourcecode.swift; path = "View+Weather.swift"; sourceTree = "<group>"; };
		37CE39C02DA6BF7F00B43909 /* Style+Weather.swift */ = {isa = PBXFileReference; lastKnownFileType = sourcecode.swift; path = "Style+Weather.swift"; sourceTree = "<group>"; };
/* End PBXFileReference section */

/* Begin PBXFileSystemSynchronizedRootGroup section */
		37CE397C2DA0627300B43909 /* WeatherUITests */ = {isa = PBXFileSystemSynchronizedRootGroup; explicitFileTypes = {}; explicitFolders = (); path = WeatherUITests; sourceTree = "<group>"; };
		37CE398B2DA062A800B43909 /* WeatherTests */ = {isa = PBXFileSystemSynchronizedRootGroup; explicitFileTypes = {}; explicitFolders = (); path = WeatherTests; sourceTree = "<group>"; };
/* End PBXFileSystemSynchronizedRootGroup section */

/* Begin PBXFrameworksBuildPhase section */
		3790D6EC286CDA1300EE26E0 /* Frameworks */ = {
			isa = PBXFrameworksBuildPhase;
			buildActionMask = 2147483647;
			files = (
				3790D70C286D496000EE26E0 /* MapKit.framework in Frameworks */,
				37B0F1BC2DAA08AA00D4C6FC /* SwipeActions in Frameworks */,
				37B0F1B92DAA089B00D4C6FC /* SwipeActions in Frameworks */,
				37B0F1B72DAA088A00D4C6FC /* SwipeActions in Frameworks */,
				37B0F1B52DAA002F00D4C6FC /* SwipeActions in Frameworks */,
			);
			runOnlyForDeploymentPostprocessing = 0;
		};
		37CE39782DA0627300B43909 /* Frameworks */ = {
			isa = PBXFrameworksBuildPhase;
			buildActionMask = 2147483647;
			files = (
			);
			runOnlyForDeploymentPostprocessing = 0;
		};
		37CE39872DA062A800B43909 /* Frameworks */ = {
			isa = PBXFrameworksBuildPhase;
			buildActionMask = 2147483647;
			files = (
			);
			runOnlyForDeploymentPostprocessing = 0;
		};
/* End PBXFrameworksBuildPhase section */

/* Begin PBXGroup section */
		3790D6E6286CDA1300EE26E0 = {
			isa = PBXGroup;
			children = (
				3790D6F1286CDA1300EE26E0 /* Weather */,
				37CE397C2DA0627300B43909 /* WeatherUITests */,
				37CE398B2DA062A800B43909 /* WeatherTests */,
				3790D6F0286CDA1300EE26E0 /* Products */,
				3790D70A286D496000EE26E0 /* Frameworks */,
			);
			sourceTree = "<group>";
		};
		3790D6F0286CDA1300EE26E0 /* Products */ = {
			isa = PBXGroup;
			children = (
				3790D6EF286CDA1300EE26E0 /* Weather.app */,
				37CE397B2DA0627300B43909 /* WeatherUITests.xctest */,
				37CE398A2DA062A800B43909 /* WeatherTests.xctest */,
			);
			name = Products;
			sourceTree = "<group>";
		};
		3790D6F1286CDA1300EE26E0 /* Weather */ = {
			isa = PBXGroup;
			children = (
				37CE399C2DA0C0CA00B43909 /* API */,
				3790D7152871515500EE26E0 /* Component */,
				37CE39BD2DA5B80900B43909 /* Extension */,
				3790D702286CE2FE00EE26E0 /* Model */,
				3790D6F8286CDA1500EE26E0 /* Preview Content */,
				37CE399B2DA0C07A00B43909 /* State */,
				3790D70D2871351500EE26E0 /* View */,
				370D7FAD2DA76B580079505A /* Localizable.strings */,
				3790D709286D492600EE26E0 /* Info.plist */,
				3790D6F6286CDA1500EE26E0 /* Assets.xcassets */,
				3790D7182872041E00EE26E0 /* Config.swift */,
			);
			path = Weather;
			sourceTree = "<group>";
		};
		3790D6F8286CDA1500EE26E0 /* Preview Content */ = {
			isa = PBXGroup;
			children = (
				3790D6F9286CDA1500EE26E0 /* Preview Assets.xcassets */,
			);
			path = "Preview Content";
			sourceTree = "<group>";
		};
		3790D702286CE2FE00EE26E0 /* Model */ = {
			isa = PBXGroup;
			children = (
				3779CC492DE51F240056D895 /* WeatherLocationResult.swift */,
				3779CC472DDAB6220056D895 /* WeatherProperties.swift */,
				3779CC452DDAB5E90056D895 /* WeatherValues.swift */,
				37CE39B92DA4BE1100B43909 /* SavedLocationModel.swift */,
				3790D71C28738D4300EE26E0 /* WeatherModel.swift */,
				37CE39952DA087A800B43909 /* ForecastPeriodModel.swift */,
				3790D71A287206DB00EE26E0 /* GridPointsModel.swift */,
				3790D703286CE31100EE26E0 /* StatusModel.swift */,
				3790D7202873C50700EE26E0 /* StationModel.swift */,
				37CE39932DA0875000B43909 /* ForecastModel.swift */,
			);
			path = Model;
			sourceTree = "<group>";
		};
		3790D70A286D496000EE26E0 /* Frameworks */ = {
			isa = PBXGroup;
			children = (
				3790D70B286D496000EE26E0 /* MapKit.framework */,
			);
			name = Frameworks;
			sourceTree = "<group>";
		};
		3790D70D2871351500EE26E0 /* View */ = {
			isa = PBXGroup;
			children = (
				3790D6F2286CDA1300EE26E0 /* WeatherApp.swift */,
				37CE39992DA0B71300B43909 /* ExtendedForecastView.swift */,
				37CE39972DA087CA00B43909 /* HourlyForecastView.swift */,
				3790D6F4286CDA1300EE26E0 /* MainView.swift */,
				3790D71028713E3B00EE26E0 /* CurrentWeatherView.swift */,
				3790D7132871416400EE26E0 /* BaseView.swift */,
				37CE39BB2DA4CEC500B43909 /* SearchCityView.swift */,
			);
			path = View;
			sourceTree = "<group>";
		};
		3790D7152871515500EE26E0 /* Component */ = {
			isa = PBXGroup;
			children = (
				3790D7162871516D00EE26E0 /* DisplayTempView.swift */,
				37CE399F2DA308DA00B43909 /* IconView.swift */,
				37CE39A12DA3230B00B43909 /* TitleView.swift */,
				370D7FAF2DA76D8C0079505A /* SearchField.swift */,
				37B0F1B12DA9D26D00D4C6FC /* LocationButton.swift */,
			);
			path = Component;
			sourceTree = "<group>";
		};
		37CE399B2DA0C07A00B43909 /* State */ = {
			isa = PBXGroup;
			children = (
				370D7FB12DA8711F0079505A /* ErrorState.swift */,
				3790D705286CFCEA00EE26E0 /* AppState.swift */,
				37CE399D2DA1EC4500B43909 /* LocationState.swift */,
			);
			path = State;
			sourceTree = "<group>";
		};
		37CE399C2DA0C0CA00B43909 /* API */ = {
			isa = PBXGroup;
			children = (
				3790D700286CDC7000EE26E0 /* WeatherAPI.swift */,
				3790D707286D484D00EE26E0 /* LocationManager.swift */,
			);
			path = API;
			sourceTree = "<group>";
		};
		37CE39BD2DA5B80900B43909 /* Extension */ = {
			isa = PBXGroup;
			children = (
				37CE39C02DA6BF7F00B43909 /* Style+Weather.swift */,
				37CE39BE2DA5B92600B43909 /* View+Weather.swift */,
				3790D71E28738E0B00EE26E0 /* Helpers.swift */,
			);
			path = Extension;
			sourceTree = "<group>";
		};
/* End PBXGroup section */

/* Begin PBXNativeTarget section */
		3790D6EE286CDA1300EE26E0 /* Weather */ = {
			isa = PBXNativeTarget;
			buildConfigurationList = 3790D6FD286CDA1500EE26E0 /* Build configuration list for PBXNativeTarget "Weather" */;
			buildPhases = (
				3790D6EB286CDA1300EE26E0 /* Sources */,
				3790D6EC286CDA1300EE26E0 /* Frameworks */,
				3790D6ED286CDA1300EE26E0 /* Resources */,
			);
			buildRules = (
			);
			dependencies = (
			);
			name = Weather;
			productName = Weather;
			productReference = 3790D6EF286CDA1300EE26E0 /* Weather.app */;
			productType = "com.apple.product-type.application";
		};
		37CE397A2DA0627300B43909 /* WeatherUITests */ = {
			isa = PBXNativeTarget;
			buildConfigurationList = 37CE39832DA0627300B43909 /* Build configuration list for PBXNativeTarget "WeatherUITests" */;
			buildPhases = (
				37CE39772DA0627300B43909 /* Sources */,
				37CE39782DA0627300B43909 /* Frameworks */,
				37CE39792DA0627300B43909 /* Resources */,
			);
			buildRules = (
			);
			dependencies = (
				37CE39822DA0627300B43909 /* PBXTargetDependency */,
			);
			fileSystemSynchronizedGroups = (
				37CE397C2DA0627300B43909 /* WeatherUITests */,
			);
			name = WeatherUITests;
			packageProductDependencies = (
			);
			productName = WeatherUITests;
			productReference = 37CE397B2DA0627300B43909 /* WeatherUITests.xctest */;
			productType = "com.apple.product-type.bundle.ui-testing";
		};
		37CE39892DA062A800B43909 /* WeatherTests */ = {
			isa = PBXNativeTarget;
			buildConfigurationList = 37CE39902DA062A800B43909 /* Build configuration list for PBXNativeTarget "WeatherTests" */;
			buildPhases = (
				37CE39862DA062A800B43909 /* Sources */,
				37CE39872DA062A800B43909 /* Frameworks */,
				37CE39882DA062A800B43909 /* Resources */,
			);
			buildRules = (
			);
			dependencies = (
				37CE398F2DA062A800B43909 /* PBXTargetDependency */,
			);
			fileSystemSynchronizedGroups = (
				37CE398B2DA062A800B43909 /* WeatherTests */,
			);
			name = WeatherTests;
			packageProductDependencies = (
			);
			productName = WeatherTests;
			productReference = 37CE398A2DA062A800B43909 /* WeatherTests.xctest */;
			productType = "com.apple.product-type.bundle.unit-test";
		};
/* End PBXNativeTarget section */

/* Begin PBXProject section */
		3790D6E7286CDA1300EE26E0 /* Project object */ = {
			isa = PBXProject;
			attributes = {
				BuildIndependentTargetsInParallel = 1;
				LastSwiftUpdateCheck = 1630;
				LastUpgradeCheck = 1630;
				TargetAttributes = {
					3790D6EE286CDA1300EE26E0 = {
						CreatedOnToolsVersion = 13.4.1;
					};
					37CE397A2DA0627300B43909 = {
						CreatedOnToolsVersion = 16.3;
						TestTargetID = 3790D6EE286CDA1300EE26E0;
					};
					37CE39892DA062A800B43909 = {
						CreatedOnToolsVersion = 16.3;
						TestTargetID = 3790D6EE286CDA1300EE26E0;
					};
				};
			};
			buildConfigurationList = 3790D6EA286CDA1300EE26E0 /* Build configuration list for PBXProject "Weather" */;
			compatibilityVersion = "Xcode 13.0";
			developmentRegion = en;
			hasScannedForEncodings = 0;
			knownRegions = (
				en,
				Base,
			);
			mainGroup = 3790D6E6286CDA1300EE26E0;
			packageReferences = (
				37B0F1BA2DAA08AA00D4C6FC /* XCRemoteSwiftPackageReference "SwipeActions" */,
			);
			productRefGroup = 3790D6F0286CDA1300EE26E0 /* Products */;
			projectDirPath = "";
			projectRoot = "";
			targets = (
				3790D6EE286CDA1300EE26E0 /* Weather */,
				37CE39892DA062A800B43909 /* WeatherTests */,
				37CE397A2DA0627300B43909 /* WeatherUITests */,
			);
		};
/* End PBXProject section */

/* Begin PBXResourcesBuildPhase section */
		3790D6ED286CDA1300EE26E0 /* Resources */ = {
			isa = PBXResourcesBuildPhase;
			buildActionMask = 2147483647;
			files = (
				370D7FAE2DA76B580079505A /* Localizable.strings in Resources */,
				3790D6FA286CDA1500EE26E0 /* Preview Assets.xcassets in Resources */,
				3790D6F7286CDA1500EE26E0 /* Assets.xcassets in Resources */,
			);
			runOnlyForDeploymentPostprocessing = 0;
		};
		37CE39792DA0627300B43909 /* Resources */ = {
			isa = PBXResourcesBuildPhase;
			buildActionMask = 2147483647;
			files = (
			);
			runOnlyForDeploymentPostprocessing = 0;
		};
		37CE39882DA062A800B43909 /* Resources */ = {
			isa = PBXResourcesBuildPhase;
			buildActionMask = 2147483647;
			files = (
			);
			runOnlyForDeploymentPostprocessing = 0;
		};
/* End PBXResourcesBuildPhase section */

/* Begin PBXSourcesBuildPhase section */
		3790D6EB286CDA1300EE26E0 /* Sources */ = {
			isa = PBXSourcesBuildPhase;
			buildActionMask = 2147483647;
			files = (
				3790D701286CDC7000EE26E0 /* WeatherAPI.swift in Sources */,
				37CE39982DA087CA00B43909 /* HourlyForecastView.swift in Sources */,
				3790D706286CFCEA00EE26E0 /* AppState.swift in Sources */,
				37CE39BF2DA5B92C00B43909 /* View+Weather.swift in Sources */,
				3790D71B287206DB00EE26E0 /* GridPointsModel.swift in Sources */,
				37CE399A2DA0B71300B43909 /* ExtendedForecastView.swift in Sources */,
				3779CC462DDAB5F40056D895 /* WeatherValues.swift in Sources */,
				37B0F1B22DA9D26D00D4C6FC /* LocationButton.swift in Sources */,
				37CE39A02DA308DA00B43909 /* IconView.swift in Sources */,
				37CE39C12DA6BF8600B43909 /* Style+Weather.swift in Sources */,
				3790D7172871516D00EE26E0 /* DisplayTempView.swift in Sources */,
				3779CC482DDAB62B0056D895 /* WeatherProperties.swift in Sources */,
				37CE39BC2DA4CEC500B43909 /* SearchCityView.swift in Sources */,
				370D7FB02DA76D8C0079505A /* SearchField.swift in Sources */,
				3790D708286D484D00EE26E0 /* LocationManager.swift in Sources */,
				3790D6F5286CDA1300EE26E0 /* MainView.swift in Sources */,
				3790D71128713E3B00EE26E0 /* CurrentWeatherView.swift in Sources */,
				3790D704286CE31100EE26E0 /* StatusModel.swift in Sources */,
				3779CC4A2DE51F380056D895 /* WeatherLocationResult.swift in Sources */,
				3790D7212873C50700EE26E0 /* StationModel.swift in Sources */,
				3790D7192872041E00EE26E0 /* Config.swift in Sources */,
				3790D6F3286CDA1300EE26E0 /* WeatherApp.swift in Sources */,
				37CE399E2DA1EC4500B43909 /* LocationState.swift in Sources */,
				3790D71F28738E0B00EE26E0 /* Helpers.swift in Sources */,
				3790D71D28738D4300EE26E0 /* WeatherModel.swift in Sources */,
				370D7FB22DA871260079505A /* ErrorState.swift in Sources */,
				37CE39BA2DA4BE1F00B43909 /* SavedLocationModel.swift in Sources */,
				37CE39A22DA3230B00B43909 /* TitleView.swift in Sources */,
				37CE39942DA0875000B43909 /* ForecastModel.swift in Sources */,
				3790D7142871416400EE26E0 /* BaseView.swift in Sources */,
				37CE39962DA087A800B43909 /* ForecastPeriodModel.swift in Sources */,
			);
			runOnlyForDeploymentPostprocessing = 0;
		};
		37CE39772DA0627300B43909 /* Sources */ = {
			isa = PBXSourcesBuildPhase;
			buildActionMask = 2147483647;
			files = (
			);
			runOnlyForDeploymentPostprocessing = 0;
		};
		37CE39862DA062A800B43909 /* Sources */ = {
			isa = PBXSourcesBuildPhase;
			buildActionMask = 2147483647;
			files = (
			);
			runOnlyForDeploymentPostprocessing = 0;
		};
/* End PBXSourcesBuildPhase section */

/* Begin PBXTargetDependency section */
		37CE39822DA0627300B43909 /* PBXTargetDependency */ = {
			isa = PBXTargetDependency;
			target = 3790D6EE286CDA1300EE26E0 /* Weather */;
			targetProxy = 37CE39812DA0627300B43909 /* PBXContainerItemProxy */;
		};
		37CE398F2DA062A800B43909 /* PBXTargetDependency */ = {
			isa = PBXTargetDependency;
			target = 3790D6EE286CDA1300EE26E0 /* Weather */;
			targetProxy = 37CE398E2DA062A800B43909 /* PBXContainerItemProxy */;
		};
/* End PBXTargetDependency section */

/* Begin PBXVariantGroup section */
		370D7FAD2DA76B580079505A /* Localizable.strings */ = {
			isa = PBXVariantGroup;
			children = (
				370D7FAC2DA76B580079505A /* en */,
			);
			name = Localizable.strings;
			sourceTree = "<group>";
		};
/* End PBXVariantGroup section */

/* Begin XCBuildConfiguration section */
		3790D6FB286CDA1500EE26E0 /* Debug */ = {
			isa = XCBuildConfiguration;
			buildSettings = {
				ALWAYS_SEARCH_USER_PATHS = NO;
				ASSETCATALOG_COMPILER_GENERATE_SWIFT_ASSET_SYMBOL_EXTENSIONS = YES;
				CLANG_ANALYZER_NONNULL = YES;
				CLANG_ANALYZER_NUMBER_OBJECT_CONVERSION = YES_AGGRESSIVE;
				CLANG_CXX_LANGUAGE_STANDARD = "gnu++17";
				CLANG_ENABLE_MODULES = YES;
				CLANG_ENABLE_OBJC_ARC = YES;
				CLANG_ENABLE_OBJC_WEAK = YES;
				CLANG_WARN_BLOCK_CAPTURE_AUTORELEASING = YES;
				CLANG_WARN_BOOL_CONVERSION = YES;
				CLANG_WARN_COMMA = YES;
				CLANG_WARN_CONSTANT_CONVERSION = YES;
				CLANG_WARN_DEPRECATED_OBJC_IMPLEMENTATIONS = YES;
				CLANG_WARN_DIRECT_OBJC_ISA_USAGE = YES_ERROR;
				CLANG_WARN_DOCUMENTATION_COMMENTS = YES;
				CLANG_WARN_EMPTY_BODY = YES;
				CLANG_WARN_ENUM_CONVERSION = YES;
				CLANG_WARN_INFINITE_RECURSION = YES;
				CLANG_WARN_INT_CONVERSION = YES;
				CLANG_WARN_NON_LITERAL_NULL_CONVERSION = YES;
				CLANG_WARN_OBJC_IMPLICIT_RETAIN_SELF = YES;
				CLANG_WARN_OBJC_LITERAL_CONVERSION = YES;
				CLANG_WARN_OBJC_ROOT_CLASS = YES_ERROR;
				CLANG_WARN_QUOTED_INCLUDE_IN_FRAMEWORK_HEADER = YES;
				CLANG_WARN_RANGE_LOOP_ANALYSIS = YES;
				CLANG_WARN_STRICT_PROTOTYPES = YES;
				CLANG_WARN_SUSPICIOUS_MOVE = YES;
				CLANG_WARN_UNGUARDED_AVAILABILITY = YES_AGGRESSIVE;
				CLANG_WARN_UNREACHABLE_CODE = YES;
				CLANG_WARN__DUPLICATE_METHOD_MATCH = YES;
				COPY_PHASE_STRIP = NO;
				DEBUG_INFORMATION_FORMAT = dwarf;
				ENABLE_STRICT_OBJC_MSGSEND = YES;
				ENABLE_TESTABILITY = YES;
				GCC_C_LANGUAGE_STANDARD = gnu11;
				GCC_DYNAMIC_NO_PIC = NO;
				GCC_NO_COMMON_BLOCKS = YES;
				GCC_OPTIMIZATION_LEVEL = 0;
				GCC_PREPROCESSOR_DEFINITIONS = (
					"DEBUG=1",
					"$(inherited)",
				);
				GCC_WARN_64_TO_32_BIT_CONVERSION = YES;
				GCC_WARN_ABOUT_RETURN_TYPE = YES_ERROR;
				GCC_WARN_UNDECLARED_SELECTOR = YES;
				GCC_WARN_UNINITIALIZED_AUTOS = YES_AGGRESSIVE;
				GCC_WARN_UNUSED_FUNCTION = YES;
				GCC_WARN_UNUSED_VARIABLE = YES;
				IPHONEOS_DEPLOYMENT_TARGET = 15.5;
				MTL_ENABLE_DEBUG_INFO = INCLUDE_SOURCE;
				MTL_FAST_MATH = YES;
				ONLY_ACTIVE_ARCH = YES;
				SDKROOT = iphoneos;
				SWIFT_ACTIVE_COMPILATION_CONDITIONS = DEBUG;
				SWIFT_EMIT_LOC_STRINGS = YES;
				SWIFT_OPTIMIZATION_LEVEL = "-Onone";
			};
			name = Debug;
		};
		3790D6FC286CDA1500EE26E0 /* Release */ = {
			isa = XCBuildConfiguration;
			buildSettings = {
				ALWAYS_SEARCH_USER_PATHS = NO;
				ASSETCATALOG_COMPILER_GENERATE_SWIFT_ASSET_SYMBOL_EXTENSIONS = YES;
				CLANG_ANALYZER_NONNULL = YES;
				CLANG_ANALYZER_NUMBER_OBJECT_CONVERSION = YES_AGGRESSIVE;
				CLANG_CXX_LANGUAGE_STANDARD = "gnu++17";
				CLANG_ENABLE_MODULES = YES;
				CLANG_ENABLE_OBJC_ARC = YES;
				CLANG_ENABLE_OBJC_WEAK = YES;
				CLANG_WARN_BLOCK_CAPTURE_AUTORELEASING = YES;
				CLANG_WARN_BOOL_CONVERSION = YES;
				CLANG_WARN_COMMA = YES;
				CLANG_WARN_CONSTANT_CONVERSION = YES;
				CLANG_WARN_DEPRECATED_OBJC_IMPLEMENTATIONS = YES;
				CLANG_WARN_DIRECT_OBJC_ISA_USAGE = YES_ERROR;
				CLANG_WARN_DOCUMENTATION_COMMENTS = YES;
				CLANG_WARN_EMPTY_BODY = YES;
				CLANG_WARN_ENUM_CONVERSION = YES;
				CLANG_WARN_INFINITE_RECURSION = YES;
				CLANG_WARN_INT_CONVERSION = YES;
				CLANG_WARN_NON_LITERAL_NULL_CONVERSION = YES;
				CLANG_WARN_OBJC_IMPLICIT_RETAIN_SELF = YES;
				CLANG_WARN_OBJC_LITERAL_CONVERSION = YES;
				CLANG_WARN_OBJC_ROOT_CLASS = YES_ERROR;
				CLANG_WARN_QUOTED_INCLUDE_IN_FRAMEWORK_HEADER = YES;
				CLANG_WARN_RANGE_LOOP_ANALYSIS = YES;
				CLANG_WARN_STRICT_PROTOTYPES = YES;
				CLANG_WARN_SUSPICIOUS_MOVE = YES;
				CLANG_WARN_UNGUARDED_AVAILABILITY = YES_AGGRESSIVE;
				CLANG_WARN_UNREACHABLE_CODE = YES;
				CLANG_WARN__DUPLICATE_METHOD_MATCH = YES;
				COPY_PHASE_STRIP = NO;
				DEBUG_INFORMATION_FORMAT = "dwarf-with-dsym";
				ENABLE_NS_ASSERTIONS = NO;
				ENABLE_STRICT_OBJC_MSGSEND = YES;
				GCC_C_LANGUAGE_STANDARD = gnu11;
				GCC_NO_COMMON_BLOCKS = YES;
				GCC_WARN_64_TO_32_BIT_CONVERSION = YES;
				GCC_WARN_ABOUT_RETURN_TYPE = YES_ERROR;
				GCC_WARN_UNDECLARED_SELECTOR = YES;
				GCC_WARN_UNINITIALIZED_AUTOS = YES_AGGRESSIVE;
				GCC_WARN_UNUSED_FUNCTION = YES;
				GCC_WARN_UNUSED_VARIABLE = YES;
				IPHONEOS_DEPLOYMENT_TARGET = 15.5;
				MTL_ENABLE_DEBUG_INFO = NO;
				MTL_FAST_MATH = YES;
				SDKROOT = iphoneos;
				SWIFT_COMPILATION_MODE = wholemodule;
				SWIFT_EMIT_LOC_STRINGS = YES;
				SWIFT_OPTIMIZATION_LEVEL = "-O";
				VALIDATE_PRODUCT = YES;
			};
			name = Release;
		};
		3790D6FE286CDA1500EE26E0 /* Debug */ = {
			isa = XCBuildConfiguration;
			buildSettings = {
				ASSETCATALOG_COMPILER_APPICON_NAME = AppIcon;
				ASSETCATALOG_COMPILER_GLOBAL_ACCENT_COLOR_NAME = AccentColor;
				CODE_SIGN_STYLE = Automatic;
				CURRENT_PROJECT_VERSION = 1;
				DEVELOPMENT_ASSET_PATHS = "\"Weather/Preview Content\"";
				DEVELOPMENT_TEAM = FWNYGKH25M;
				ENABLE_PREVIEWS = YES;
				GENERATE_INFOPLIST_FILE = YES;
				INFOPLIST_FILE = Weather/Info.plist;
				INFOPLIST_KEY_CFBundleDisplayName = "Weather Sample";
				INFOPLIST_KEY_LSApplicationCategoryType = "public.app-category.weather";
				INFOPLIST_KEY_NSLocationAlwaysAndWhenInUseUsageDescription = "Needed to get location for weather information";
				INFOPLIST_KEY_NSLocationWhenInUseUsageDescription = "Needed to get location for weather information";
				INFOPLIST_KEY_UIApplicationSceneManifest_Generation = YES;
				INFOPLIST_KEY_UIApplicationSupportsIndirectInputEvents = YES;
				INFOPLIST_KEY_UILaunchScreen_Generation = YES;
				INFOPLIST_KEY_UISupportedInterfaceOrientations = UIInterfaceOrientationPortrait;
				INFOPLIST_KEY_UISupportedInterfaceOrientations_iPad = "UIInterfaceOrientationLandscapeLeft UIInterfaceOrientationLandscapeRight UIInterfaceOrientationPortrait UIInterfaceOrientationPortraitUpsideDown";
				IPHONEOS_DEPLOYMENT_TARGET = 18.0;
				LD_RUNPATH_SEARCH_PATHS = (
					"$(inherited)",
					"@executable_path/Frameworks",
				);
				MARKETING_VERSION = 1.0;
				PRODUCT_BUNDLE_IDENTIFIER = com.gregpatrick.Weather;
				PRODUCT_NAME = "$(TARGET_NAME)";
				SWIFT_EMIT_LOC_STRINGS = YES;
				SWIFT_VERSION = 5.0;
				TARGETED_DEVICE_FAMILY = "1,2";
			};
			name = Debug;
		};
		3790D6FF286CDA1500EE26E0 /* Release */ = {
			isa = XCBuildConfiguration;
			buildSettings = {
				ASSETCATALOG_COMPILER_APPICON_NAME = AppIcon;
				ASSETCATALOG_COMPILER_GLOBAL_ACCENT_COLOR_NAME = AccentColor;
				CODE_SIGN_STYLE = Automatic;
				CURRENT_PROJECT_VERSION = 1;
				DEVELOPMENT_ASSET_PATHS = "\"Weather/Preview Content\"";
				DEVELOPMENT_TEAM = FWNYGKH25M;
				ENABLE_PREVIEWS = YES;
				GENERATE_INFOPLIST_FILE = YES;
				INFOPLIST_FILE = Weather/Info.plist;
				INFOPLIST_KEY_CFBundleDisplayName = "Weather Sample";
				INFOPLIST_KEY_LSApplicationCategoryType = "public.app-category.weather";
				INFOPLIST_KEY_NSLocationAlwaysAndWhenInUseUsageDescription = "Needed to get location for weather information";
				INFOPLIST_KEY_NSLocationWhenInUseUsageDescription = "Needed to get location for weather information";
				INFOPLIST_KEY_UIApplicationSceneManifest_Generation = YES;
				INFOPLIST_KEY_UIApplicationSupportsIndirectInputEvents = YES;
				INFOPLIST_KEY_UILaunchScreen_Generation = YES;
				INFOPLIST_KEY_UISupportedInterfaceOrientations = UIInterfaceOrientationPortrait;
				INFOPLIST_KEY_UISupportedInterfaceOrientations_iPad = "UIInterfaceOrientationLandscapeLeft UIInterfaceOrientationLandscapeRight UIInterfaceOrientationPortrait UIInterfaceOrientationPortraitUpsideDown";
				IPHONEOS_DEPLOYMENT_TARGET = 18.0;
				LD_RUNPATH_SEARCH_PATHS = (
					"$(inherited)",
					"@executable_path/Frameworks",
				);
				MARKETING_VERSION = 1.0;
				PRODUCT_BUNDLE_IDENTIFIER = com.gregpatrick.Weather;
				PRODUCT_NAME = "$(TARGET_NAME)";
				SWIFT_EMIT_LOC_STRINGS = YES;
				SWIFT_VERSION = 5.0;
				TARGETED_DEVICE_FAMILY = "1,2";
			};
			name = Release;
		};
		37CE39842DA0627300B43909 /* Debug */ = {
			isa = XCBuildConfiguration;
			buildSettings = {
				ASSETCATALOG_COMPILER_GENERATE_SWIFT_ASSET_SYMBOL_EXTENSIONS = YES;
				CLANG_CXX_LANGUAGE_STANDARD = "gnu++20";
				CODE_SIGN_STYLE = Automatic;
				CURRENT_PROJECT_VERSION = 1;
				DEVELOPMENT_TEAM = FWNYGKH25M;
				ENABLE_USER_SCRIPT_SANDBOXING = YES;
				GCC_C_LANGUAGE_STANDARD = gnu17;
				GENERATE_INFOPLIST_FILE = YES;
				IPHONEOS_DEPLOYMENT_TARGET = 18.4;
				LOCALIZATION_PREFERS_STRING_CATALOGS = YES;
				MARKETING_VERSION = 1.0;
				PRODUCT_BUNDLE_IDENTIFIER = com.gregpatrick.WeatherUITests;
				PRODUCT_NAME = "$(TARGET_NAME)";
				SWIFT_ACTIVE_COMPILATION_CONDITIONS = "DEBUG $(inherited)";
				SWIFT_EMIT_LOC_STRINGS = NO;
				SWIFT_VERSION = 5.0;
				TARGETED_DEVICE_FAMILY = "1,2";
				TEST_TARGET_NAME = Weather;
			};
			name = Debug;
		};
		37CE39852DA0627300B43909 /* Release */ = {
			isa = XCBuildConfiguration;
			buildSettings = {
				ASSETCATALOG_COMPILER_GENERATE_SWIFT_ASSET_SYMBOL_EXTENSIONS = YES;
				CLANG_CXX_LANGUAGE_STANDARD = "gnu++20";
				CODE_SIGN_STYLE = Automatic;
				CURRENT_PROJECT_VERSION = 1;
				DEVELOPMENT_TEAM = FWNYGKH25M;
				ENABLE_USER_SCRIPT_SANDBOXING = YES;
				GCC_C_LANGUAGE_STANDARD = gnu17;
				GENERATE_INFOPLIST_FILE = YES;
				IPHONEOS_DEPLOYMENT_TARGET = 18.4;
				LOCALIZATION_PREFERS_STRING_CATALOGS = YES;
				MARKETING_VERSION = 1.0;
				PRODUCT_BUNDLE_IDENTIFIER = com.gregpatrick.WeatherUITests;
				PRODUCT_NAME = "$(TARGET_NAME)";
				SWIFT_EMIT_LOC_STRINGS = NO;
				SWIFT_VERSION = 5.0;
				TARGETED_DEVICE_FAMILY = "1,2";
				TEST_TARGET_NAME = Weather;
			};
			name = Release;
		};
		37CE39912DA062A800B43909 /* Debug */ = {
			isa = XCBuildConfiguration;
			buildSettings = {
				ASSETCATALOG_COMPILER_GENERATE_SWIFT_ASSET_SYMBOL_EXTENSIONS = YES;
				BUNDLE_LOADER = "$(TEST_HOST)";
				CLANG_CXX_LANGUAGE_STANDARD = "gnu++20";
				CODE_SIGN_STYLE = Automatic;
				CURRENT_PROJECT_VERSION = 1;
				DEVELOPMENT_TEAM = FWNYGKH25M;
				ENABLE_USER_SCRIPT_SANDBOXING = YES;
				GCC_C_LANGUAGE_STANDARD = gnu17;
				GENERATE_INFOPLIST_FILE = YES;
				IPHONEOS_DEPLOYMENT_TARGET = 18.4;
				LOCALIZATION_PREFERS_STRING_CATALOGS = YES;
				MARKETING_VERSION = 1.0;
				PRODUCT_BUNDLE_IDENTIFIER = com.gregpatrick.WeatherTests;
				PRODUCT_NAME = "$(TARGET_NAME)";
				SWIFT_ACTIVE_COMPILATION_CONDITIONS = "DEBUG $(inherited)";
				SWIFT_EMIT_LOC_STRINGS = NO;
				SWIFT_VERSION = 5.0;
				TARGETED_DEVICE_FAMILY = "1,2";
				TEST_HOST = "$(BUILT_PRODUCTS_DIR)/Weather.app/$(BUNDLE_EXECUTABLE_FOLDER_PATH)/Weather";
			};
			name = Debug;
		};
		37CE39922DA062A800B43909 /* Release */ = {
			isa = XCBuildConfiguration;
			buildSettings = {
				ASSETCATALOG_COMPILER_GENERATE_SWIFT_ASSET_SYMBOL_EXTENSIONS = YES;
				BUNDLE_LOADER = "$(TEST_HOST)";
				CLANG_CXX_LANGUAGE_STANDARD = "gnu++20";
				CODE_SIGN_STYLE = Automatic;
				CURRENT_PROJECT_VERSION = 1;
				DEVELOPMENT_TEAM = FWNYGKH25M;
				ENABLE_USER_SCRIPT_SANDBOXING = YES;
				GCC_C_LANGUAGE_STANDARD = gnu17;
				GENERATE_INFOPLIST_FILE = YES;
				IPHONEOS_DEPLOYMENT_TARGET = 18.4;
				LOCALIZATION_PREFERS_STRING_CATALOGS = YES;
				MARKETING_VERSION = 1.0;
				PRODUCT_BUNDLE_IDENTIFIER = com.gregpatrick.WeatherTests;
				PRODUCT_NAME = "$(TARGET_NAME)";
				SWIFT_EMIT_LOC_STRINGS = NO;
				SWIFT_VERSION = 5.0;
				TARGETED_DEVICE_FAMILY = "1,2";
				TEST_HOST = "$(BUILT_PRODUCTS_DIR)/Weather.app/$(BUNDLE_EXECUTABLE_FOLDER_PATH)/Weather";
			};
			name = Release;
		};
/* End XCBuildConfiguration section */

/* Begin XCConfigurationList section */
		3790D6EA286CDA1300EE26E0 /* Build configuration list for PBXProject "Weather" */ = {
			isa = XCConfigurationList;
			buildConfigurations = (
				3790D6FB286CDA1500EE26E0 /* Debug */,
				3790D6FC286CDA1500EE26E0 /* Release */,
			);
			defaultConfigurationIsVisible = 0;
			defaultConfigurationName = Release;
		};
		3790D6FD286CDA1500EE26E0 /* Build configuration list for PBXNativeTarget "Weather" */ = {
			isa = XCConfigurationList;
			buildConfigurations = (
				3790D6FE286CDA1500EE26E0 /* Debug */,
				3790D6FF286CDA1500EE26E0 /* Release */,
			);
			defaultConfigurationIsVisible = 0;
			defaultConfigurationName = Release;
		};
		37CE39832DA0627300B43909 /* Build configuration list for PBXNativeTarget "WeatherUITests" */ = {
			isa = XCConfigurationList;
			buildConfigurations = (
				37CE39842DA0627300B43909 /* Debug */,
				37CE39852DA0627300B43909 /* Release */,
			);
			defaultConfigurationIsVisible = 0;
			defaultConfigurationName = Release;
		};
		37CE39902DA062A800B43909 /* Build configuration list for PBXNativeTarget "WeatherTests" */ = {
			isa = XCConfigurationList;
			buildConfigurations = (
				37CE39912DA062A800B43909 /* Debug */,
				37CE39922DA062A800B43909 /* Release */,
			);
			defaultConfigurationIsVisible = 0;
			defaultConfigurationName = Release;
		};
/* End XCConfigurationList section */

/* Begin XCRemoteSwiftPackageReference section */
		37B0F1B32DAA002F00D4C6FC /* XCRemoteSwiftPackageReference "SwipeActions" */ = {
			isa = XCRemoteSwiftPackageReference;
			repositoryURL = "https://github.com/aheze/SwipeActions";
			requirement = {
				kind = upToNextMajorVersion;
				minimumVersion = 1.1.0;
			};
		};
		37B0F1BA2DAA08AA00D4C6FC /* XCRemoteSwiftPackageReference "SwipeActions" */ = {
			isa = XCRemoteSwiftPackageReference;
			repositoryURL = "https://github.com/c-villain/SwipeActions";
			requirement = {
				kind = upToNextMajorVersion;
				minimumVersion = 0.4.1;
			};
		};
/* End XCRemoteSwiftPackageReference section */

/* Begin XCSwiftPackageProductDependency section */
		37B0F1B42DAA002F00D4C6FC /* SwipeActions */ = {
			isa = XCSwiftPackageProductDependency;
			package = 37B0F1B32DAA002F00D4C6FC /* XCRemoteSwiftPackageReference "SwipeActions" */;
			productName = SwipeActions;
		};
		37B0F1B62DAA088A00D4C6FC /* SwipeActions */ = {
			isa = XCSwiftPackageProductDependency;
			productName = SwipeActions;
		};
		37B0F1B82DAA089B00D4C6FC /* SwipeActions */ = {
			isa = XCSwiftPackageProductDependency;
			productName = SwipeActions;
		};
		37B0F1BB2DAA08AA00D4C6FC /* SwipeActions */ = {
			isa = XCSwiftPackageProductDependency;
			package = 37B0F1BA2DAA08AA00D4C6FC /* XCRemoteSwiftPackageReference "SwipeActions" */;
			productName = SwipeActions;
		};
/* End XCSwiftPackageProductDependency section */
	};
	rootObject = 3790D6E7286CDA1300EE26E0 /* Project object */;
}
